
Microsoft Visual Studio Solution File, Format Version 12.00
# Visual Studio Version 16
VisualStudioVersion = 16.0.29424.173
MinimumVisualStudioVersion = 10.0.40219.1
Project("{FAE04EC0-301F-11D3-BF4B-00C04F79EFBC}") = "AWSProductListDynamoDb", "AWSProductListDynamoDB\AWSProductListDynamoDb.csproj", "{BEC88110-A482-43AA-B25A-2222A20A9C03}"
EndProject
Project("{FAE04EC0-301F-11D3-BF4B-00C04F79EFBC}") = "AWSProductListDynamoDb.Libs", "AWSProductListDynamoDB.Libs\AWSProductListDynamoDb.Libs.csproj", "{539410D9-CC81-4777-8134-7840C7A9092A}"
EndProject
Global
	GlobalSection(SolutionConfigurationPlatforms) = preSolution
		Debug|Any CPU = Debug|Any CPU
		Release|Any CPU = Release|Any CPU
	EndGlobalSection
	GlobalSection(ProjectConfigurationPlatforms) = postSolution
		{BEC88110-A482-43AA-B25A-2222A20A9C03}.Debug|Any CPU.ActiveCfg = Debug|Any CPU
		{BEC88110-A482-43AA-B25A-2222A20A9C03}.Debug|Any CPU.Build.0 = Debug|Any CPU
		{BEC88110-A482-43AA-B25A-2222A20A9C03}.Release|Any CPU.ActiveCfg = Release|Any CPU
		{BEC88110-A482-43AA-B25A-2222A20A9C03}.Release|Any CPU.Build.0 = Release|Any CPU
		{539410D9-CC81-4777-8134-7840C7A9092A}.Debug|Any CPU.ActiveCfg = Debug|Any CPU
		{539410D9-CC81-4777-8134-7840C7A9092A}.Debug|Any CPU.Build.0 = Debug|Any CPU
		{539410D9-CC81-4777-8134-7840C7A9092A}.Release|Any CPU.ActiveCfg = Release|Any CPU
		{539410D9-CC81-4777-8134-7840C7A9092A}.Release|Any CPU.Build.0 = Release|Any CPU
	EndGlobalSection
	GlobalSection(SolutionProperties) = preSolution
		HideSolutionNode = FALSE
	EndGlobalSection
	GlobalSection(ExtensibilityGlobals) = postSolution
		SolutionGuid = {93CFA405-0834-48F9-B581-37D838DBB739}
	EndGlobalSection
EndGlobal
